
Microsoft Visual Studio Solution File, Format Version 12.00
# Visual Studio Version 17
VisualStudioVersion = 17.11.35312.102
MinimumVisualStudioVersion = 10.0.40219.1
Project("{FAE04EC0-301F-11D3-BF4B-00C04F79EFBC}") = "ECET230Calculator", "ECET230Calculator\ECET230Calculator.csproj", "{791CB0B9-9329-4BD1-903A-E4DD609AB4AB}"
EndProject
Global
	GlobalSection(SolutionConfigurationPlatforms) = preSolution
		Debug|Any CPU = Debug|Any CPU
		Release|Any CPU = Release|Any CPU
	EndGlobalSection
	GlobalSection(ProjectConfigurationPlatforms) = postSolution
		{791CB0B9-9329-4BD1-903A-E4DD609AB4AB}.Debug|Any CPU.ActiveCfg = Debug|Any CPU
		{791CB0B9-9329-4BD1-903A-E4DD609AB4AB}.Debug|Any CPU.Build.0 = Debug|Any CPU
		{791CB0B9-9329-4BD1-903A-E4DD609AB4AB}.Release|Any CPU.ActiveCfg = Release|Any CPU
		{791CB0B9-9329-4BD1-903A-E4DD609AB4AB}.Release|Any CPU.Build.0 = Release|Any CPU
	EndGlobalSection
	GlobalSection(SolutionProperties) = preSolution
		HideSolutionNode = FALSE
	EndGlobalSection
	GlobalSection(ExtensibilityGlobals) = postSolution
		SolutionGuid = {D896E5E3-63C1-42DF-9566-E957F9BC86BA}
	EndGlobalSection
EndGlobal
